
Microsoft Visual Studio Solution File, Format Version 12.00
# Visual Studio Version 16
VisualStudioVersion = 16.0.30104.148
MinimumVisualStudioVersion = 10.0.40219.1
Project("{FAE04EC0-301F-11D3-BF4B-00C04F79EFBC}") = "Runner", "Runner\Runner.csproj", "{7C194027-34FF-4D99-99C3-F29F42F5EC69}"
EndProject
Global
	GlobalSection(SolutionConfigurationPlatforms) = preSolution
		Debug|Any CPU = Debug|Any CPU
		Release|Any CPU = Release|Any CPU
	EndGlobalSection
	GlobalSection(ProjectConfigurationPlatforms) = postSolution
		{7C194027-34FF-4D99-99C3-F29F42F5EC69}.Debug|Any CPU.ActiveCfg = Debug|Any CPU
		{7C194027-34FF-4D99-99C3-F29F42F5EC69}.Debug|Any CPU.Build.0 = Debug|Any CPU
		{7C194027-34FF-4D99-99C3-F29F42F5EC69}.Release|Any CPU.ActiveCfg = Release|Any CPU
		{7C194027-34FF-4D99-99C3-F29F42F5EC69}.Release|Any CPU.Build.0 = Release|Any CPU
	EndGlobalSection
	GlobalSection(SolutionProperties) = preSolution
		HideSolutionNode = FALSE
	EndGlobalSection
	GlobalSection(ExtensibilityGlobals) = postSolution
		SolutionGuid = {DD4D6D67-405D-40B9-A25D-62FB413BE15F}
	EndGlobalSection
EndGlobal
